// !$*UTF8*$!
{
	archiveVersion = 1;
	classes = {
	};
	objectVersion = 56;
	objects = {

/* Begin PBXBuildFile section */
		BBA0132C2D4658C4003BC40B /* ProfilePage.swift in Sources */ = {isa = PBXBuildFile; fileRef = BBA0132B2D4658C4003BC40B /* ProfilePage.swift */; };
		BBA0132E2D4658EB003BC40B /* ProfileInfoPage.swift in Sources */ = {isa = PBXBuildFile; fileRef = BBA0132D2D4658EB003BC40B /* ProfileInfoPage.swift */; };
		BBA013302D47AFB3003BC40B /* ActionMovieCard.swift in Sources */ = {isa = PBXBuildFile; fileRef = BBA0132F2D47AFB2003BC40B /* ActionMovieCard.swift */; };
		BBB1014B2D3EA58700A5B5F7 /* Movie.swift in Sources */ = {isa = PBXBuildFile; fileRef = BBB1014A2D3EA58700A5B5F7 /* Movie.swift */; };
		BBB101532D400CD700A5B5F7 /* UserModels.swift in Sources */ = {isa = PBXBuildFile; fileRef = BBB101522D400CD700A5B5F7 /* UserModels.swift */; };
		BBB101552D400DBE00A5B5F7 /* SignInView.swift in Sources */ = {isa = PBXBuildFile; fileRef = BBB101542D400DBE00A5B5F7 /* SignInView.swift */; };
		BBB101572D40283800A5B5F7 /* MovieCenterView.swift in Sources */ = {isa = PBXBuildFile; fileRef = BBB101562D40283800A5B5F7 /* MovieCenterView.swift */; };
		BBB101592D4029FE00A5B5F7 /* HighRatedMovieCard.swift in Sources */ = {isa = PBXBuildFile; fileRef = BBB101582D4029FE00A5B5F7 /* HighRatedMovieCard.swift */; };
		BBB1015B2D403CD700A5B5F7 /* DramaMovieCard.swift in Sources */ = {isa = PBXBuildFile; fileRef = BBB1015A2D403CD700A5B5F7 /* DramaMovieCard.swift */; };
		BBE8F1B62D3D231900D53C8E /* MovieAppApp.swift in Sources */ = {isa = PBXBuildFile; fileRef = BBE8F1B52D3D231900D53C8E /* MovieAppApp.swift */; };
		BBE8F1B82D3D231900D53C8E /* ContentView.swift in Sources */ = {isa = PBXBuildFile; fileRef = BBE8F1B72D3D231900D53C8E /* ContentView.swift */; };
		BBE8F1BA2D3D231C00D53C8E /* Assets.xcassets in Resources */ = {isa = PBXBuildFile; fileRef = BBE8F1B92D3D231C00D53C8E /* Assets.xcassets */; };
		BBE8F1BD2D3D231C00D53C8E /* Preview Assets.xcassets in Resources */ = {isa = PBXBuildFile; fileRef = BBE8F1BC2D3D231C00D53C8E /* Preview Assets.xcassets */; };
		BBE8F1C62D3D366500D53C8E /* NetworkManager.swift in Sources */ = {isa = PBXBuildFile; fileRef = BBE8F1C52D3D366500D53C8E /* NetworkManager.swift */; };
		BBE8F1C82D3D369C00D53C8E /* MovieViewModel.swift in Sources */ = {isa = PBXBuildFile; fileRef = BBE8F1C72D3D369C00D53C8E /* MovieViewModel.swift */; };
		BBE8F1CA2D3D3CDB00D53C8E /* MovieModels.swift in Sources */ = {isa = PBXBuildFile; fileRef = BBE8F1C92D3D3CDB00D53C8E /* MovieModels.swift */; };
		BBE8F1CC2D3E933F00D53C8E /* ActorModels.swift in Sources */ = {isa = PBXBuildFile; fileRef = BBE8F1CB2D3E933F00D53C8E /* ActorModels.swift */; };
		BBE8F1CE2D3E9DDF00D53C8E /* ActorViewModel.swift in Sources */ = {isa = PBXBuildFile; fileRef = BBE8F1CD2D3E9DDF00D53C8E /* ActorViewModel.swift */; };
		BBE8F1D02D3E9EFB00D53C8E /* ActorListView.swift in Sources */ = {isa = PBXBuildFile; fileRef = BBE8F1CF2D3E9EFB00D53C8E /* ActorListView.swift */; };
		BBE8F1D22D3E9F7F00D53C8E /* DirectorModels.swift in Sources */ = {isa = PBXBuildFile; fileRef = BBE8F1D12D3E9F7F00D53C8E /* DirectorModels.swift */; };
		BBE8F1D42D3E9FAE00D53C8E /* DirectorViewModel.swift in Sources */ = {isa = PBXBuildFile; fileRef = BBE8F1D32D3E9FAE00D53C8E /* DirectorViewModel.swift */; };
		BBE8F1D62D3E9FD400D53C8E /* DirectorListView.swift in Sources */ = {isa = PBXBuildFile; fileRef = BBE8F1D52D3E9FD400D53C8E /* DirectorListView.swift */; };
/* End PBXBuildFile section */

/* Begin PBXFileReference section */
		BBA0132B2D4658C4003BC40B /* ProfilePage.swift */ = {isa = PBXFileReference; lastKnownFileType = sourcecode.swift; path = ProfilePage.swift; sourceTree = "<group>"; };
		BBA0132D2D4658EB003BC40B /* ProfileInfoPage.swift */ = {isa = PBXFileReference; lastKnownFileType = sourcecode.swift; path = ProfileInfoPage.swift; sourceTree = "<group>"; };
		BBA0132F2D47AFB2003BC40B /* ActionMovieCard.swift */ = {isa = PBXFileReference; lastKnownFileType = sourcecode.swift; path = ActionMovieCard.swift; sourceTree = "<group>"; };
		BBB1014A2D3EA58700A5B5F7 /* Movie.swift */ = {isa = PBXFileReference; lastKnownFileType = sourcecode.swift; path = Movie.swift; sourceTree = "<group>"; };
		BBB101522D400CD700A5B5F7 /* UserModels.swift */ = {isa = PBXFileReference; lastKnownFileType = sourcecode.swift; path = UserModels.swift; sourceTree = "<group>"; };
		BBB101542D400DBE00A5B5F7 /* SignInView.swift */ = {isa = PBXFileReference; lastKnownFileType = sourcecode.swift; path = SignInView.swift; sourceTree = "<group>"; };
		BBB101562D40283800A5B5F7 /* MovieCenterView.swift */ = {isa = PBXFileReference; lastKnownFileType = sourcecode.swift; path = MovieCenterView.swift; sourceTree = "<group>"; };
		BBB101582D4029FE00A5B5F7 /* HighRatedMovieCard.swift */ = {isa = PBXFileReference; lastKnownFileType = sourcecode.swift; path = HighRatedMovieCard.swift; sourceTree = "<group>"; };
		BBB1015A2D403CD700A5B5F7 /* DramaMovieCard.swift */ = {isa = PBXFileReference; lastKnownFileType = sourcecode.swift; path = DramaMovieCard.swift; sourceTree = "<group>"; };
		BBE8F1B22D3D231900D53C8E /* MovieApp.app */ = {isa = PBXFileReference; explicitFileType = wrapper.application; includeInIndex = 0; path = MovieApp.app; sourceTree = BUILT_PRODUCTS_DIR; };
		BBE8F1B52D3D231900D53C8E /* MovieAppApp.swift */ = {isa = PBXFileReference; lastKnownFileType = sourcecode.swift; path = MovieAppApp.swift; sourceTree = "<group>"; };
		BBE8F1B72D3D231900D53C8E /* ContentView.swift */ = {isa = PBXFileReference; lastKnownFileType = sourcecode.swift; path = ContentView.swift; sourceTree = "<group>"; };
		BBE8F1B92D3D231C00D53C8E /* Assets.xcassets */ = {isa = PBXFileReference; lastKnownFileType = folder.assetcatalog; path = Assets.xcassets; sourceTree = "<group>"; };
		BBE8F1BC2D3D231C00D53C8E /* Preview Assets.xcassets */ = {isa = PBXFileReference; lastKnownFileType = folder.assetcatalog; path = "Preview Assets.xcassets"; sourceTree = "<group>"; };
		BBE8F1C52D3D366500D53C8E /* NetworkManager.swift */ = {isa = PBXFileReference; lastKnownFileType = sourcecode.swift; path = NetworkManager.swift; sourceTree = "<group>"; };
		BBE8F1C72D3D369C00D53C8E /* MovieViewModel.swift */ = {isa = PBXFileReference; lastKnownFileType = sourcecode.swift; path = MovieViewModel.swift; sourceTree = "<group>"; };
		BBE8F1C92D3D3CDB00D53C8E /* MovieModels.swift */ = {isa = PBXFileReference; lastKnownFileType = sourcecode.swift; path = MovieModels.swift; sourceTree = "<group>"; };
		BBE8F1CB2D3E933F00D53C8E /* ActorModels.swift */ = {isa = PBXFileReference; lastKnownFileType = sourcecode.swift; path = ActorModels.swift; sourceTree = "<group>"; };
		BBE8F1CD2D3E9DDF00D53C8E /* ActorViewModel.swift */ = {isa = PBXFileReference; lastKnownFileType = sourcecode.swift; path = ActorViewModel.swift; sourceTree = "<group>"; };
		BBE8F1CF2D3E9EFB00D53C8E /* ActorListView.swift */ = {isa = PBXFileReference; lastKnownFileType = sourcecode.swift; path = ActorListView.swift; sourceTree = "<group>"; };
		BBE8F1D12D3E9F7F00D53C8E /* DirectorModels.swift */ = {isa = PBXFileReference; lastKnownFileType = sourcecode.swift; path = DirectorModels.swift; sourceTree = "<group>"; };
		BBE8F1D32D3E9FAE00D53C8E /* DirectorViewModel.swift */ = {isa = PBXFileReference; lastKnownFileType = sourcecode.swift; path = DirectorViewModel.swift; sourceTree = "<group>"; };
		BBE8F1D52D3E9FD400D53C8E /* DirectorListView.swift */ = {isa = PBXFileReference; lastKnownFileType = sourcecode.swift; path = DirectorListView.swift; sourceTree = "<group>"; };
/* End PBXFileReference section */

/* Begin PBXFrameworksBuildPhase section */
		BBE8F1AF2D3D231900D53C8E /* Frameworks */ = {
			isa = PBXFrameworksBuildPhase;
			buildActionMask = 2147483647;
			files = (
			);
			runOnlyForDeploymentPostprocessing = 0;
		};
/* End PBXFrameworksBuildPhase section */

/* Begin PBXGroup section */
		BBB101502D4005E800A5B5F7 /* ViewModel */ = {
			isa = PBXGroup;
			children = (
				BBE8F1C72D3D369C00D53C8E /* MovieViewModel.swift */,
				BBE8F1D32D3E9FAE00D53C8E /* DirectorViewModel.swift */,
				BBE8F1CD2D3E9DDF00D53C8E /* ActorViewModel.swift */,
			);
			path = ViewModel;
			sourceTree = "<group>";
		};
		BBB101512D40069900A5B5F7 /* Model */ = {
			isa = PBXGroup;
			children = (
				BBE8F1C92D3D3CDB00D53C8E /* MovieModels.swift */,
				BBE8F1CB2D3E933F00D53C8E /* ActorModels.swift */,
				BBB101522D400CD700A5B5F7 /* UserModels.swift */,
				BBE8F1D12D3E9F7F00D53C8E /* DirectorModels.swift */,
			);
			path = Model;
			sourceTree = "<group>";
		};
		BBE8F1A92D3D231900D53C8E = {
			isa = PBXGroup;
			children = (
				BBE8F1B42D3D231900D53C8E /* MovieApp */,
				BBE8F1B32D3D231900D53C8E /* Products */,
			);
			sourceTree = "<group>";
		};
		BBE8F1B32D3D231900D53C8E /* Products */ = {
			isa = PBXGroup;
			children = (
				BBE8F1B22D3D231900D53C8E /* MovieApp.app */,
			);
			name = Products;
			sourceTree = "<group>";
		};
		BBE8F1B42D3D231900D53C8E /* MovieApp */ = {
			isa = PBXGroup;
			children = (
				BBE8F1B52D3D231900D53C8E /* MovieAppApp.swift */,
				BBE8F1C52D3D366500D53C8E /* NetworkManager.swift */,
				BBE8F1B72D3D231900D53C8E /* ContentView.swift */,
				BBE8F1D52D3E9FD400D53C8E /* DirectorListView.swift */,
				BBE8F1CF2D3E9EFB00D53C8E /* ActorListView.swift */,
				BBA0132B2D4658C4003BC40B /* ProfilePage.swift */,
				BBB1015A2D403CD700A5B5F7 /* DramaMovieCard.swift */,
				BBA0132D2D4658EB003BC40B /* ProfileInfoPage.swift */,
				BBA0132F2D47AFB2003BC40B /* ActionMovieCard.swift */,
				BBB101542D400DBE00A5B5F7 /* SignInView.swift */,
				BBB101582D4029FE00A5B5F7 /* HighRatedMovieCard.swift */,
				BBB101562D40283800A5B5F7 /* MovieCenterView.swift */,
				BBE8F1B92D3D231C00D53C8E /* Assets.xcassets */,
				BBE8F1BB2D3D231C00D53C8E /* Preview Content */,
				BBB1014A2D3EA58700A5B5F7 /* Movie.swift */,
				BBB101512D40069900A5B5F7 /* Model */,
				BBB101502D4005E800A5B5F7 /* ViewModel */,
			);
			path = MovieApp;
			sourceTree = "<group>";
		};
		BBE8F1BB2D3D231C00D53C8E /* Preview Content */ = {
			isa = PBXGroup;
			children = (
				BBE8F1BC2D3D231C00D53C8E /* Preview Assets.xcassets */,
			);
			path = "Preview Content";
			sourceTree = "<group>";
		};
/* End PBXGroup section */

/* Begin PBXNativeTarget section */
		BBE8F1B12D3D231900D53C8E /* MovieApp */ = {
			isa = PBXNativeTarget;
			buildConfigurationList = BBE8F1C02D3D231C00D53C8E /* Build configuration list for PBXNativeTarget "MovieApp" */;
			buildPhases = (
				BBE8F1AE2D3D231900D53C8E /* Sources */,
				BBE8F1AF2D3D231900D53C8E /* Frameworks */,
				BBE8F1B02D3D231900D53C8E /* Resources */,
			);
			buildRules = (
			);
			dependencies = (
			);
			name = MovieApp;
			productName = MovieApp;
			productReference = BBE8F1B22D3D231900D53C8E /* MovieApp.app */;
			productType = "com.apple.product-type.application";
		};
/* End PBXNativeTarget section */

/* Begin PBXProject section */
		BBE8F1AA2D3D231900D53C8E /* Project object */ = {
			isa = PBXProject;
			attributes = {
				BuildIndependentTargetsInParallel = 1;
				LastSwiftUpdateCheck = 1540;
				LastUpgradeCheck = 1540;
				TargetAttributes = {
					BBE8F1B12D3D231900D53C8E = {
						CreatedOnToolsVersion = 15.4;
					};
				};
			};
			buildConfigurationList = BBE8F1AD2D3D231900D53C8E /* Build configuration list for PBXProject "MovieApp" */;
			compatibilityVersion = "Xcode 14.0";
			developmentRegion = en;
			hasScannedForEncodings = 0;
			knownRegions = (
				en,
				Base,
			);
			mainGroup = BBE8F1A92D3D231900D53C8E;
			productRefGroup = BBE8F1B32D3D231900D53C8E /* Products */;
			projectDirPath = "";
			projectRoot = "";
			targets = (
				BBE8F1B12D3D231900D53C8E /* MovieApp */,
			);
		};
/* End PBXProject section */

/* Begin PBXResourcesBuildPhase section */
		BBE8F1B02D3D231900D53C8E /* Resources */ = {
			isa = PBXResourcesBuildPhase;
			buildActionMask = 2147483647;
			files = (
				BBE8F1BD2D3D231C00D53C8E /* Preview Assets.xcassets in Resources */,
				BBE8F1BA2D3D231C00D53C8E /* Assets.xcassets in Resources */,
			);
			runOnlyForDeploymentPostprocessing = 0;
		};
/* End PBXResourcesBuildPhase section */

/* Begin PBXSourcesBuildPhase section */
		BBE8F1AE2D3D231900D53C8E /* Sources */ = {
			isa = PBXSourcesBuildPhase;
			buildActionMask = 2147483647;
			files = (
				BBA0132C2D4658C4003BC40B /* ProfilePage.swift in Sources */,
				BBE8F1C62D3D366500D53C8E /* NetworkManager.swift in Sources */,
				BBE8F1CC2D3E933F00D53C8E /* ActorModels.swift in Sources */,
				BBB1014B2D3EA58700A5B5F7 /* Movie.swift in Sources */,
				BBA013302D47AFB3003BC40B /* ActionMovieCard.swift in Sources */,
				BBE8F1C82D3D369C00D53C8E /* MovieViewModel.swift in Sources */,
				BBA0132E2D4658EB003BC40B /* ProfileInfoPage.swift in Sources */,
				BBE8F1B82D3D231900D53C8E /* ContentView.swift in Sources */,
				BBE8F1D62D3E9FD400D53C8E /* DirectorListView.swift in Sources */,
				BBE8F1D42D3E9FAE00D53C8E /* DirectorViewModel.swift in Sources */,
				BBB101572D40283800A5B5F7 /* MovieCenterView.swift in Sources */,
				BBB1015B2D403CD700A5B5F7 /* DramaMovieCard.swift in Sources */,
				BBE8F1CE2D3E9DDF00D53C8E /* ActorViewModel.swift in Sources */,
				BBB101532D400CD700A5B5F7 /* UserModels.swift in Sources */,
				BBB101552D400DBE00A5B5F7 /* SignInView.swift in Sources */,
				BBE8F1D22D3E9F7F00D53C8E /* DirectorModels.swift in Sources */,
				BBE8F1D02D3E9EFB00D53C8E /* ActorListView.swift in Sources */,
				BBB101592D4029FE00A5B5F7 /* HighRatedMovieCard.swift in Sources */,
				BBE8F1B62D3D231900D53C8E /* MovieAppApp.swift in Sources */,
				BBE8F1CA2D3D3CDB00D53C8E /* MovieModels.swift in Sources */,
			);
			runOnlyForDeploymentPostprocessing = 0;
		};
/* End PBXSourcesBuildPhase section */

/* Begin XCBuildConfiguration section */
		BBE8F1BE2D3D231C00D53C8E /* Debug */ = {
			isa = XCBuildConfiguration;
			buildSettings = {
				ALWAYS_SEARCH_USER_PATHS = NO;
				ASSETCATALOG_COMPILER_GENERATE_SWIFT_ASSET_SYMBOL_EXTENSIONS = YES;
				CLANG_ANALYZER_NONNULL = YES;
				CLANG_ANALYZER_NUMBER_OBJECT_CONVERSION = YES_AGGRESSIVE;
				CLANG_CXX_LANGUAGE_STANDARD = "gnu++20";
				CLANG_ENABLE_MODULES = YES;
				CLANG_ENABLE_OBJC_ARC = YES;
				CLANG_ENABLE_OBJC_WEAK = YES;
				CLANG_WARN_BLOCK_CAPTURE_AUTORELEASING = YES;
				CLANG_WARN_BOOL_CONVERSION = YES;
				CLANG_WARN_COMMA = YES;
				CLANG_WARN_CONSTANT_CONVERSION = YES;
				CLANG_WARN_DEPRECATED_OBJC_IMPLEMENTATIONS = YES;
				CLANG_WARN_DIRECT_OBJC_ISA_USAGE = YES_ERROR;
				CLANG_WARN_DOCUMENTATION_COMMENTS = YES;
				CLANG_WARN_EMPTY_BODY = YES;
				CLANG_WARN_ENUM_CONVERSION = YES;
				CLANG_WARN_INFINITE_RECURSION = YES;
				CLANG_WARN_INT_CONVERSION = YES;
				CLANG_WARN_NON_LITERAL_NULL_CONVERSION = YES;
				CLANG_WARN_OBJC_IMPLICIT_RETAIN_SELF = YES;
				CLANG_WARN_OBJC_LITERAL_CONVERSION = YES;
				CLANG_WARN_OBJC_ROOT_CLASS = YES_ERROR;
				CLANG_WARN_QUOTED_INCLUDE_IN_FRAMEWORK_HEADER = YES;
				CLANG_WARN_RANGE_LOOP_ANALYSIS = YES;
				CLANG_WARN_STRICT_PROTOTYPES = YES;
				CLANG_WARN_SUSPICIOUS_MOVE = YES;
				CLANG_WARN_UNGUARDED_AVAILABILITY = YES_AGGRESSIVE;
				CLANG_WARN_UNREACHABLE_CODE = YES;
				CLANG_WARN__DUPLICATE_METHOD_MATCH = YES;
				COPY_PHASE_STRIP = NO;
				DEBUG_INFORMATION_FORMAT = dwarf;
				ENABLE_STRICT_OBJC_MSGSEND = YES;
				ENABLE_TESTABILITY = YES;
				ENABLE_USER_SCRIPT_SANDBOXING = YES;
				GCC_C_LANGUAGE_STANDARD = gnu17;
				GCC_DYNAMIC_NO_PIC = NO;
				GCC_NO_COMMON_BLOCKS = YES;
				GCC_OPTIMIZATION_LEVEL = 0;
				GCC_PREPROCESSOR_DEFINITIONS = (
					"DEBUG=1",
					"$(inherited)",
				);
				GCC_WARN_64_TO_32_BIT_CONVERSION = YES;
				GCC_WARN_ABOUT_RETURN_TYPE = YES_ERROR;
				GCC_WARN_UNDECLARED_SELECTOR = YES;
				GCC_WARN_UNINITIALIZED_AUTOS = YES_AGGRESSIVE;
				GCC_WARN_UNUSED_FUNCTION = YES;
				GCC_WARN_UNUSED_VARIABLE = YES;
				IPHONEOS_DEPLOYMENT_TARGET = 17.5;
				LOCALIZATION_PREFERS_STRING_CATALOGS = YES;
				MTL_ENABLE_DEBUG_INFO = INCLUDE_SOURCE;
				MTL_FAST_MATH = YES;
				ONLY_ACTIVE_ARCH = YES;
				SDKROOT = iphoneos;
				SWIFT_ACTIVE_COMPILATION_CONDITIONS = "DEBUG $(inherited)";
				SWIFT_OPTIMIZATION_LEVEL = "-Onone";
			};
			name = Debug;
		};
		BBE8F1BF2D3D231C00D53C8E /* Release */ = {
			isa = XCBuildConfiguration;
			buildSettings = {
				ALWAYS_SEARCH_USER_PATHS = NO;
				ASSETCATALOG_COMPILER_GENERATE_SWIFT_ASSET_SYMBOL_EXTENSIONS = YES;
				CLANG_ANALYZER_NONNULL = YES;
				CLANG_ANALYZER_NUMBER_OBJECT_CONVERSION = YES_AGGRESSIVE;
				CLANG_CXX_LANGUAGE_STANDARD = "gnu++20";
				CLANG_ENABLE_MODULES = YES;
				CLANG_ENABLE_OBJC_ARC = YES;
				CLANG_ENABLE_OBJC_WEAK = YES;
				CLANG_WARN_BLOCK_CAPTURE_AUTORELEASING = YES;
				CLANG_WARN_BOOL_CONVERSION = YES;
				CLANG_WARN_COMMA = YES;
				CLANG_WARN_CONSTANT_CONVERSION = YES;
				CLANG_WARN_DEPRECATED_OBJC_IMPLEMENTATIONS = YES;
				CLANG_WARN_DIRECT_OBJC_ISA_USAGE = YES_ERROR;
				CLANG_WARN_DOCUMENTATION_COMMENTS = YES;
				CLANG_WARN_EMPTY_BODY = YES;
				CLANG_WARN_ENUM_CONVERSION = YES;
				CLANG_WARN_INFINITE_RECURSION = YES;
				CLANG_WARN_INT_CONVERSION = YES;
				CLANG_WARN_NON_LITERAL_NULL_CONVERSION = YES;
				CLANG_WARN_OBJC_IMPLICIT_RETAIN_SELF = YES;
				CLANG_WARN_OBJC_LITERAL_CONVERSION = YES;
				CLANG_WARN_OBJC_ROOT_CLASS = YES_ERROR;
				CLANG_WARN_QUOTED_INCLUDE_IN_FRAMEWORK_HEADER = YES;
				CLANG_WARN_RANGE_LOOP_ANALYSIS = YES;
				CLANG_WARN_STRICT_PROTOTYPES = YES;
				CLANG_WARN_SUSPICIOUS_MOVE = YES;
				CLANG_WARN_UNGUARDED_AVAILABILITY = YES_AGGRESSIVE;
				CLANG_WARN_UNREACHABLE_CODE = YES;
				CLANG_WARN__DUPLICATE_METHOD_MATCH = YES;
				COPY_PHASE_STRIP = NO;
				DEBUG_INFORMATION_FORMAT = "dwarf-with-dsym";
				ENABLE_NS_ASSERTIONS = NO;
				ENABLE_STRICT_OBJC_MSGSEND = YES;
				ENABLE_USER_SCRIPT_SANDBOXING = YES;
				GCC_C_LANGUAGE_STANDARD = gnu17;
				GCC_NO_COMMON_BLOCKS = YES;
				GCC_WARN_64_TO_32_BIT_CONVERSION = YES;
				GCC_WARN_ABOUT_RETURN_TYPE = YES_ERROR;
				GCC_WARN_UNDECLARED_SELECTOR = YES;
				GCC_WARN_UNINITIALIZED_AUTOS = YES_AGGRESSIVE;
				GCC_WARN_UNUSED_FUNCTION = YES;
				GCC_WARN_UNUSED_VARIABLE = YES;
				IPHONEOS_DEPLOYMENT_TARGET = 17.5;
				LOCALIZATION_PREFERS_STRING_CATALOGS = YES;
				MTL_ENABLE_DEBUG_INFO = NO;
				MTL_FAST_MATH = YES;
				SDKROOT = iphoneos;
				SWIFT_COMPILATION_MODE = wholemodule;
				VALIDATE_PRODUCT = YES;
			};
			name = Release;
		};
		BBE8F1C12D3D231C00D53C8E /* Debug */ = {
			isa = XCBuildConfiguration;
			buildSettings = {
				ASSETCATALOG_COMPILER_APPICON_NAME = AppIcon;
				ASSETCATALOG_COMPILER_GLOBAL_ACCENT_COLOR_NAME = AccentColor;
				CODE_SIGN_STYLE = Automatic;
				CURRENT_PROJECT_VERSION = 1;
				DEVELOPMENT_ASSET_PATHS = "\"MovieApp/Preview Content\"";
				ENABLE_PREVIEWS = YES;
				GENERATE_INFOPLIST_FILE = YES;
				INFOPLIST_KEY_UIApplicationSceneManifest_Generation = YES;
				INFOPLIST_KEY_UIApplicationSupportsIndirectInputEvents = YES;
				INFOPLIST_KEY_UILaunchScreen_Generation = YES;
				INFOPLIST_KEY_UISupportedInterfaceOrientations_iPad = "UIInterfaceOrientationPortrait UIInterfaceOrientationPortraitUpsideDown UIInterfaceOrientationLandscapeLeft UIInterfaceOrientationLandscapeRight";
				INFOPLIST_KEY_UISupportedInterfaceOrientations_iPhone = "UIInterfaceOrientationPortrait UIInterfaceOrientationLandscapeLeft UIInterfaceOrientationLandscapeRight";
				LD_RUNPATH_SEARCH_PATHS = (
					"$(inherited)",
					"@executable_path/Frameworks",
				);
				MARKETING_VERSION = 1.0;
				PRODUCT_BUNDLE_IDENTIFIER = w.MovieApp;
				PRODUCT_NAME = "$(TARGET_NAME)";
				SWIFT_EMIT_LOC_STRINGS = YES;
				SWIFT_VERSION = 5.0;
				TARGETED_DEVICE_FAMILY = "1,2";
			};
			name = Debug;
		};
		BBE8F1C22D3D231C00D53C8E /* Release */ = {
			isa = XCBuildConfiguration;
			buildSettings = {
				ASSETCATALOG_COMPILER_APPICON_NAME = AppIcon;
				ASSETCATALOG_COMPILER_GLOBAL_ACCENT_COLOR_NAME = AccentColor;
				CODE_SIGN_STYLE = Automatic;
				CURRENT_PROJECT_VERSION = 1;
				DEVELOPMENT_ASSET_PATHS = "\"MovieApp/Preview Content\"";
				ENABLE_PREVIEWS = YES;
				GENERATE_INFOPLIST_FILE = YES;
				INFOPLIST_KEY_UIApplicationSceneManifest_Generation = YES;
				INFOPLIST_KEY_UIApplicationSupportsIndirectInputEvents = YES;
				INFOPLIST_KEY_UILaunchScreen_Generation = YES;
				INFOPLIST_KEY_UISupportedInterfaceOrientations_iPad = "UIInterfaceOrientationPortrait UIInterfaceOrientationPortraitUpsideDown UIInterfaceOrientationLandscapeLeft UIInterfaceOrientationLandscapeRight";
				INFOPLIST_KEY_UISupportedInterfaceOrientations_iPhone = "UIInterfaceOrientationPortrait UIInterfaceOrientationLandscapeLeft UIInterfaceOrientationLandscapeRight";
				LD_RUNPATH_SEARCH_PATHS = (
					"$(inherited)",
					"@executable_path/Frameworks",
				);
				MARKETING_VERSION = 1.0;
				PRODUCT_BUNDLE_IDENTIFIER = w.MovieApp;
				PRODUCT_NAME = "$(TARGET_NAME)";
				SWIFT_EMIT_LOC_STRINGS = YES;
				SWIFT_VERSION = 5.0;
				TARGETED_DEVICE_FAMILY = "1,2";
			};
			name = Release;
		};
/* End XCBuildConfiguration section */

/* Begin XCConfigurationList section */
		BBE8F1AD2D3D231900D53C8E /* Build configuration list for PBXProject "MovieApp" */ = {
			isa = XCConfigurationList;
			buildConfigurations = (
				BBE8F1BE2D3D231C00D53C8E /* Debug */,
				BBE8F1BF2D3D231C00D53C8E /* Release */,
			);
			defaultConfigurationIsVisible = 0;
			defaultConfigurationName = Release;
		};
		BBE8F1C02D3D231C00D53C8E /* Build configuration list for PBXNativeTarget "MovieApp" */ = {
			isa = XCConfigurationList;
			buildConfigurations = (
				BBE8F1C12D3D231C00D53C8E /* Debug */,
				BBE8F1C22D3D231C00D53C8E /* Release */,
			);
			defaultConfigurationIsVisible = 0;
			defaultConfigurationName = Release;
		};
/* End XCConfigurationList section */
	};
	rootObject = BBE8F1AA2D3D231900D53C8E /* Project object */;
}
